lockfileVersion: 5.3

specifiers:
  static-type-assert: ^3.0.1
  typescript: ~4.9.0

devDependencies:
  static-type-assert: 3.0.1_typescript@4.9.3
  typescript: 4.9.3

packages:

  /static-type-assert/3.0.1_typescript@4.9.3:
    resolution: {integrity: sha512-zMKAbDEqRbysJdAmO6fcylkbTa1GQ285xZZvTxbjxNficxF+zVdkwsozJqbVntKds0oZ40kLFkPYTi2JO3zOBA==}
    peerDependencies:
      typescript: ^3.0.3
    dependencies:
      typescript: 4.9.3
      typescript-compare: 0.0.2
    dev: true

  /typescript-compare/0.0.2:
    resolution: {integrity: sha512-8ja4j7pMHkfLJQO2/8tut7ub+J3Lw2S3061eJLFQcvs3tsmJKp8KG5NtpLn7KcY2w08edF74BSVN7qJS0U6oHA==}
    dependencies:
      typescript-logic: 0.0.0
    dev: true

  /typescript-logic/0.0.0:
    resolution: {integrity: sha512-zXFars5LUkI3zP492ls0VskH3TtdeHCqu0i7/duGt60i5IGPIpAHE/DWo5FqJ6EjQ15YKXrt+AETjv60Dat34Q==}
    dev: true

  /typescript/4.9.3:
    resolution: {integrity: sha512-CIfGzTelbKNEnLpLdGFgdyKhG23CKdKgQPOBc+OUNrkJ2vr+KSzsSV5kq5iWhEQbok+quxgGzrAtGWCyU7tHnA==}
    engines: {node: '>=4.2.0'}
    hasBin: true
    dev: true
